
Microsoft Visual Studio Solution File, Format Version 12.00
# Visual Studio Version 16
VisualStudioVersion = 16.0.29403.142
MinimumVisualStudioVersion = 10.0.40219.1
Project("{9A19103F-16F7-4668-BE54-9A1E7A4F7556}") = "Common", "Common\Common.csproj", "{05549FCF-05AA-4A4E-871B-C6B47A5156F5}"
EndProject
Project("{9A19103F-16F7-4668-BE54-9A1E7A4F7556}") = "1_ChessBoard", "1_ChessBoard\1_ChessBoard.csproj", "{0F08178D-78E9-4986-AB3F-707F4ABE3EC5}"
EndProject
Project("{9A19103F-16F7-4668-BE54-9A1E7A4F7556}") = "Tasks", "Tasks\Tasks.csproj", "{C0E4D101-17A2-4069-AED1-6ABD317FCC90}"
EndProject
Project("{FAE04EC0-301F-11D3-BF4B-00C04F79EFBC}") = "2_Envelopes", "2_Envelopes\2_Envelopes.csproj", "{83DB3E6E-76C8-44BD-A8FD-AC4C00E035AA}"
EndProject
Global
	GlobalSection(SolutionConfigurationPlatforms) = preSolution
		Debug|Any CPU = Debug|Any CPU
		Release|Any CPU = Release|Any CPU
	EndGlobalSection
	GlobalSection(ProjectConfigurationPlatforms) = postSolution
		{05549FCF-05AA-4A4E-871B-C6B47A5156F5}.Debug|Any CPU.ActiveCfg = Debug|Any CPU
		{05549FCF-05AA-4A4E-871B-C6B47A5156F5}.Debug|Any CPU.Build.0 = Debug|Any CPU
		{05549FCF-05AA-4A4E-871B-C6B47A5156F5}.Release|Any CPU.ActiveCfg = Release|Any CPU
		{05549FCF-05AA-4A4E-871B-C6B47A5156F5}.Release|Any CPU.Build.0 = Release|Any CPU
		{0F08178D-78E9-4986-AB3F-707F4ABE3EC5}.Debug|Any CPU.ActiveCfg = Debug|Any CPU
		{0F08178D-78E9-4986-AB3F-707F4ABE3EC5}.Debug|Any CPU.Build.0 = Debug|Any CPU
		{0F08178D-78E9-4986-AB3F-707F4ABE3EC5}.Release|Any CPU.ActiveCfg = Release|Any CPU
		{0F08178D-78E9-4986-AB3F-707F4ABE3EC5}.Release|Any CPU.Build.0 = Release|Any CPU
		{C0E4D101-17A2-4069-AED1-6ABD317FCC90}.Debug|Any CPU.ActiveCfg = Debug|Any CPU
		{C0E4D101-17A2-4069-AED1-6ABD317FCC90}.Debug|Any CPU.Build.0 = Debug|Any CPU
		{C0E4D101-17A2-4069-AED1-6ABD317FCC90}.Release|Any CPU.ActiveCfg = Release|Any CPU
		{C0E4D101-17A2-4069-AED1-6ABD317FCC90}.Release|Any CPU.Build.0 = Release|Any CPU
		{83DB3E6E-76C8-44BD-A8FD-AC4C00E035AA}.Debug|Any CPU.ActiveCfg = Debug|Any CPU
		{83DB3E6E-76C8-44BD-A8FD-AC4C00E035AA}.Debug|Any CPU.Build.0 = Debug|Any CPU
		{83DB3E6E-76C8-44BD-A8FD-AC4C00E035AA}.Release|Any CPU.ActiveCfg = Release|Any CPU
		{83DB3E6E-76C8-44BD-A8FD-AC4C00E035AA}.Release|Any CPU.Build.0 = Release|Any CPU
	EndGlobalSection
	GlobalSection(SolutionProperties) = preSolution
		HideSolutionNode = FALSE
	EndGlobalSection
	GlobalSection(ExtensibilityGlobals) = postSolution
		SolutionGuid = {1291CE9B-485A-4701-BCBD-95CD608F503C}
	EndGlobalSection
EndGlobal
